
Microsoft Visual Studio Solution File, Format Version 12.00
# Visual Studio 15
VisualStudioVersion = 15.0.28010.2050
MinimumVisualStudioVersion = 10.0.40219.1
Project("{FAE04EC0-301F-11D3-BF4B-00C04F79EFBC}") = "L.TemplateV1.Domain", "L.TemplateV1.Domain\L.TemplateV1.Domain.csproj", "{DF10ACD3-3048-4CB2-BBBE-70D378CEDFC6}"
EndProject
Project("{FAE04EC0-301F-11D3-BF4B-00C04F79EFBC}") = "L.TemplateV1.Infrasturture", "L.TemplateV1.Infrasturture\L.TemplateV1.Infrasturture.csproj", "{72C58C88-7C97-4D82-9DFE-C16044B0D910}"
EndProject
Project("{FAE04EC0-301F-11D3-BF4B-00C04F79EFBC}") = "L.TemplateV1.WebV2", "L.TemplateV1.WebV2\L.TemplateV1.WebV2.csproj", "{5910F2F2-34B1-4C0C-AAC3-6703614A84A1}"
EndProject
Project("{FAE04EC0-301F-11D3-BF4B-00C04F79EFBC}") = "L.TemplateV1.ConsoleApp", "L.TemplateV1.ConsoleApp\L.TemplateV1.ConsoleApp.csproj", "{39BB9882-E12A-4DFB-8B1F-435F3E6DB502}"
EndProject
Global
	GlobalSection(SolutionConfigurationPlatforms) = preSolution
		Debug|Any CPU = Debug|Any CPU
		Release|Any CPU = Release|Any CPU
	EndGlobalSection
	GlobalSection(ProjectConfigurationPlatforms) = postSolution
		{DF10ACD3-3048-4CB2-BBBE-70D378CEDFC6}.Debug|Any CPU.ActiveCfg = Debug|Any CPU
		{DF10ACD3-3048-4CB2-BBBE-70D378CEDFC6}.Debug|Any CPU.Build.0 = Debug|Any CPU
		{DF10ACD3-3048-4CB2-BBBE-70D378CEDFC6}.Release|Any CPU.ActiveCfg = Release|Any CPU
		{DF10ACD3-3048-4CB2-BBBE-70D378CEDFC6}.Release|Any CPU.Build.0 = Release|Any CPU
		{72C58C88-7C97-4D82-9DFE-C16044B0D910}.Debug|Any CPU.ActiveCfg = Debug|Any CPU
		{72C58C88-7C97-4D82-9DFE-C16044B0D910}.Debug|Any CPU.Build.0 = Debug|Any CPU
		{72C58C88-7C97-4D82-9DFE-C16044B0D910}.Release|Any CPU.ActiveCfg = Release|Any CPU
		{72C58C88-7C97-4D82-9DFE-C16044B0D910}.Release|Any CPU.Build.0 = Release|Any CPU
		{5910F2F2-34B1-4C0C-AAC3-6703614A84A1}.Debug|Any CPU.ActiveCfg = Debug|Any CPU
		{5910F2F2-34B1-4C0C-AAC3-6703614A84A1}.Debug|Any CPU.Build.0 = Debug|Any CPU
		{5910F2F2-34B1-4C0C-AAC3-6703614A84A1}.Release|Any CPU.ActiveCfg = Release|Any CPU
		{5910F2F2-34B1-4C0C-AAC3-6703614A84A1}.Release|Any CPU.Build.0 = Release|Any CPU
		{39BB9882-E12A-4DFB-8B1F-435F3E6DB502}.Debug|Any CPU.ActiveCfg = Debug|Any CPU
		{39BB9882-E12A-4DFB-8B1F-435F3E6DB502}.Debug|Any CPU.Build.0 = Debug|Any CPU
		{39BB9882-E12A-4DFB-8B1F-435F3E6DB502}.Release|Any CPU.ActiveCfg = Release|Any CPU
		{39BB9882-E12A-4DFB-8B1F-435F3E6DB502}.Release|Any CPU.Build.0 = Release|Any CPU
	EndGlobalSection
	GlobalSection(SolutionProperties) = preSolution
		HideSolutionNode = FALSE
	EndGlobalSection
	GlobalSection(ExtensibilityGlobals) = postSolution
		SolutionGuid = {D39CA5FD-205F-44F2-B9AE-6F94D4A6D2FA}
	EndGlobalSection
EndGlobal
